
Microsoft Visual Studio Solution File, Format Version 12.00
# Visual Studio Version 17
VisualStudioVersion = 17.12.35424.110
MinimumVisualStudioVersion = 10.0.40219.1
Project("{FAE04EC0-301F-11D3-BF4B-00C04F79EFBC}") = "Riverside.Alloy", "src\Riverside.Alloy\Riverside.Alloy.csproj", "{6BD7C89F-C898-4B2C-BA7D-4DDCF9FEAA71}"
EndProject
Project("{FAE04EC0-301F-11D3-BF4B-00C04F79EFBC}") = "Riverside.Alloy.Tests", "Riverside.Alloy.Tests\Riverside.Alloy.Tests.csproj", "{93E7F824-898C-4DD8-A539-A0E87A924039}"
EndProject
Global
	GlobalSection(SolutionConfigurationPlatforms) = preSolution
		Debug|Any CPU = Debug|Any CPU
		Release|Any CPU = Release|Any CPU
	EndGlobalSection
	GlobalSection(ProjectConfigurationPlatforms) = postSolution
		{6BD7C89F-C898-4B2C-BA7D-4DDCF9FEAA71}.Debug|Any CPU.ActiveCfg = Debug|Any CPU
		{6BD7C89F-C898-4B2C-BA7D-4DDCF9FEAA71}.Debug|Any CPU.Build.0 = Debug|Any CPU
		{6BD7C89F-C898-4B2C-BA7D-4DDCF9FEAA71}.Release|Any CPU.ActiveCfg = Release|Any CPU
		{6BD7C89F-C898-4B2C-BA7D-4DDCF9FEAA71}.Release|Any CPU.Build.0 = Release|Any CPU
		{93E7F824-898C-4DD8-A539-A0E87A924039}.Debug|Any CPU.ActiveCfg = Debug|Any CPU
		{93E7F824-898C-4DD8-A539-A0E87A924039}.Debug|Any CPU.Build.0 = Debug|Any CPU
		{93E7F824-898C-4DD8-A539-A0E87A924039}.Release|Any CPU.ActiveCfg = Release|Any CPU
		{93E7F824-898C-4DD8-A539-A0E87A924039}.Release|Any CPU.Build.0 = Release|Any CPU
	EndGlobalSection
	GlobalSection(SolutionProperties) = preSolution
		HideSolutionNode = FALSE
	EndGlobalSection
	GlobalSection(ExtensibilityGlobals) = postSolution
		SolutionGuid = {493ACEAD-8295-4F6F-96E0-671978C1FD40}
	EndGlobalSection
EndGlobal
